
Microsoft Visual Studio Solution File, Format Version 12.00
# Visual Studio 15
VisualStudioVersion = 15.0.27130.2027
MinimumVisualStudioVersion = 10.0.40219.1
Project("{FAE04EC0-301F-11D3-BF4B-00C04F79EFBC}") = "PESTApply", "PESTApply\PESTApply.csproj", "{A1B62843-18E1-4CA8-8218-A265DBD85286}"
EndProject
Global
	GlobalSection(SolutionConfigurationPlatforms) = preSolution
		Debug|Any CPU = Debug|Any CPU
		Release|Any CPU = Release|Any CPU
	EndGlobalSection
	GlobalSection(ProjectConfigurationPlatforms) = postSolution
		{A1B62843-18E1-4CA8-8218-A265DBD85286}.Debug|Any CPU.ActiveCfg = Debug|Any CPU
		{A1B62843-18E1-4CA8-8218-A265DBD85286}.Debug|Any CPU.Build.0 = Debug|Any CPU
		{A1B62843-18E1-4CA8-8218-A265DBD85286}.Release|Any CPU.ActiveCfg = Release|Any CPU
		{A1B62843-18E1-4CA8-8218-A265DBD85286}.Release|Any CPU.Build.0 = Release|Any CPU
	EndGlobalSection
	GlobalSection(SolutionProperties) = preSolution
		HideSolutionNode = FALSE
	EndGlobalSection
	GlobalSection(ExtensibilityGlobals) = postSolution
		SolutionGuid = {3C4F6A53-96FA-4C24-994B-67E7E285953D}
	EndGlobalSection
EndGlobal
